// !$*UTF8*$!
{
	archiveVersion = 1;
	classes = {
	};
	objectVersion = 46;
	objects = {

/* Begin PBXBuildFile section */
		EAB4E15618D24A9800D0C109 /* Foundation.framework in Frameworks */ = {isa = PBXBuildFile; fileRef = EAB4E15518D24A9800D0C109 /* Foundation.framework */; };
		EAB4E15818D24A9800D0C109 /* CoreGraphics.framework in Frameworks */ = {isa = PBXBuildFile; fileRef = EAB4E15718D24A9800D0C109 /* CoreGraphics.framework */; };
		EAB4E15A18D24A9800D0C109 /* UIKit.framework in Frameworks */ = {isa = PBXBuildFile; fileRef = EAB4E15918D24A9800D0C109 /* UIKit.framework */; };
		EAB4E15C18D24A9800D0C109 /* CoreData.framework in Frameworks */ = {isa = PBXBuildFile; fileRef = EAB4E15B18D24A9800D0C109 /* CoreData.framework */; };
		EAB4E16218D24A9800D0C109 /* InfoPlist.strings in Resources */ = {isa = PBXBuildFile; fileRef = EAB4E16018D24A9800D0C109 /* InfoPlist.strings */; };
		EAB4E16418D24A9800D0C109 /* main.m in Sources */ = {isa = PBXBuildFile; fileRef = EAB4E16318D24A9800D0C109 /* main.m */; };
		EAB4E16818D24A9800D0C109 /* AppDelegate.m in Sources */ = {isa = PBXBuildFile; fileRef = EAB4E16718D24A9800D0C109 /* AppDelegate.m */; };
		EAB4E16B18D24A9800D0C109 /* myCoreDataDemo.xcdatamodeld in Sources */ = {isa = PBXBuildFile; fileRef = EAB4E16918D24A9800D0C109 /* myCoreDataDemo.xcdatamodeld */; };
		EAB4E16D18D24A9800D0C109 /* Images.xcassets in Resources */ = {isa = PBXBuildFile; fileRef = EAB4E16C18D24A9800D0C109 /* Images.xcassets */; };
		EAB4E17418D24A9800D0C109 /* XCTest.framework in Frameworks */ = {isa = PBXBuildFile; fileRef = EAB4E17318D24A9800D0C109 /* XCTest.framework */; };
		EAB4E17518D24A9800D0C109 /* Foundation.framework in Frameworks */ = {isa = PBXBuildFile; fileRef = EAB4E15518D24A9800D0C109 /* Foundation.framework */; };
		EAB4E17618D24A9800D0C109 /* UIKit.framework in Frameworks */ = {isa = PBXBuildFile; fileRef = EAB4E15918D24A9800D0C109 /* UIKit.framework */; };
		EAB4E17718D24A9800D0C109 /* CoreData.framework in Frameworks */ = {isa = PBXBuildFile; fileRef = EAB4E15B18D24A9800D0C109 /* CoreData.framework */; };
		EAB4E17F18D24A9800D0C109 /* InfoPlist.strings in Resources */ = {isa = PBXBuildFile; fileRef = EAB4E17D18D24A9800D0C109 /* InfoPlist.strings */; };
		EAB4E18118D24A9800D0C109 /* myCoreDataDemoTests.m in Sources */ = {isa = PBXBuildFile; fileRef = EAB4E18018D24A9800D0C109 /* myCoreDataDemoTests.m */; };
		EAB4E18C18D2630E00D0C109 /* Word.m in Sources */ = {isa = PBXBuildFile; fileRef = EAB4E18B18D2630E00D0C109 /* Word.m */; };
		EAB4E18F18D2630E00D0C109 /* Vocabulary.m in Sources */ = {isa = PBXBuildFile; fileRef = EAB4E18E18D2630E00D0C109 /* Vocabulary.m */; };
		EAB4E19218D2645100D0C109 /* VocabulariesViewController.m in Sources */ = {isa = PBXBuildFile; fileRef = EAB4E19118D2645100D0C109 /* VocabulariesViewController.m */; };
		EAB4E19518D3BE3D00D0C109 /* WordsViewController.m in Sources */ = {isa = PBXBuildFile; fileRef = EAB4E19418D3BE3D00D0C109 /* WordsViewController.m */; };
		EAB4E19918D3CCAC00D0C109 /* EditWordViewController.m in Sources */ = {isa = PBXBuildFile; fileRef = EAB4E19718D3CCAC00D0C109 /* EditWordViewController.m */; };
		EAB4E19A18D3CCAC00D0C109 /* EditWordViewController.xib in Resources */ = {isa = PBXBuildFile; fileRef = EAB4E19818D3CCAC00D0C109 /* EditWordViewController.xib */; };
/* End PBXBuildFile section */

/* Begin PBXContainerItemProxy section */
		EAB4E17818D24A9800D0C109 /* PBXContainerItemProxy */ = {
			isa = PBXContainerItemProxy;
			containerPortal = EAB4E14A18D24A9800D0C109 /* Project object */;
			proxyType = 1;
			remoteGlobalIDString = EAB4E15118D24A9800D0C109;
			remoteInfo = myCoreDataDemo;
		};
/* End PBXContainerItemProxy section */

/* Begin PBXFileReference section */
		EAB4E15218D24A9800D0C109 /* myCoreDataDemo.app */ = {isa = PBXFileReference; explicitFileType = wrapper.application; includeInIndex = 0; path = myCoreDataDemo.app; sourceTree = BUILT_PRODUCTS_DIR; };
		EAB4E15518D24A9800D0C109 /* Foundation.framework */ = {isa = PBXFileReference; lastKnownFileType = wrapper.framework; name = Foundation.framework; path = System/Library/Frameworks/Foundation.framework; sourceTree = SDKROOT; };
		EAB4E15718D24A9800D0C109 /* CoreGraphics.framework */ = {isa = PBXFileReference; lastKnownFileType = wrapper.framework; name = CoreGraphics.framework; path = System/Library/Frameworks/CoreGraphics.framework; sourceTree = SDKROOT; };
		EAB4E15918D24A9800D0C109 /* UIKit.framework */ = {isa = PBXFileReference; lastKnownFileType = wrapper.framework; name = UIKit.framework; path = System/Library/Frameworks/UIKit.framework; sourceTree = SDKROOT; };
		EAB4E15B18D24A9800D0C109 /* CoreData.framework */ = {isa = PBXFileReference; lastKnownFileType = wrapper.framework; name = CoreData.framework; path = System/Library/Frameworks/CoreData.framework; sourceTree = SDKROOT; };
		EAB4E15F18D24A9800D0C109 /* myCoreDataDemo-Info.plist */ = {isa = PBXFileReference; lastKnownFileType = text.plist.xml; path = "myCoreDataDemo-Info.plist"; sourceTree = "<group>"; };
		EAB4E16118D24A9800D0C109 /* en */ = {isa = PBXFileReference; lastKnownFileType = text.plist.strings; name = en; path = en.lproj/InfoPlist.strings; sourceTree = "<group>"; };
		EAB4E16318D24A9800D0C109 /* main.m */ = {isa = PBXFileReference; lastKnownFileType = sourcecode.c.objc; path = main.m; sourceTree = "<group>"; };
		EAB4E16518D24A9800D0C109 /* myCoreDataDemo-Prefix.pch */ = {isa = PBXFileReference; lastKnownFileType = sourcecode.c.h; path = "myCoreDataDemo-Prefix.pch"; sourceTree = "<group>"; };
		EAB4E16618D24A9800D0C109 /* AppDelegate.h */ = {isa = PBXFileReference; lastKnownFileType = sourcecode.c.h; path = AppDelegate.h; sourceTree = "<group>"; };
		EAB4E16718D24A9800D0C109 /* AppDelegate.m */ = {isa = PBXFileReference; lastKnownFileType = sourcecode.c.objc; path = AppDelegate.m; sourceTree = "<group>"; };
		EAB4E16A18D24A9800D0C109 /* myCoreDataDemo.xcdatamodel */ = {isa = PBXFileReference; lastKnownFileType = wrapper.xcdatamodel; path = myCoreDataDemo.xcdatamodel; sourceTree = "<group>"; };
		EAB4E16C18D24A9800D0C109 /* Images.xcassets */ = {isa = PBXFileReference; lastKnownFileType = folder.assetcatalog; path = Images.xcassets; sourceTree = "<group>"; };
		EAB4E17218D24A9800D0C109 /* myCoreDataDemoTests.xctest */ = {isa = PBXFileReference; explicitFileType = wrapper.cfbundle; includeInIndex = 0; path = myCoreDataDemoTests.xctest; sourceTree = BUILT_PRODUCTS_DIR; };
		EAB4E17318D24A9800D0C109 /* XCTest.framework */ = {isa = PBXFileReference; lastKnownFileType = wrapper.framework; name = XCTest.framework; path = Library/Frameworks/XCTest.framework; sourceTree = DEVELOPER_DIR; };
		EAB4E17C18D24A9800D0C109 /* myCoreDataDemoTests-Info.plist */ = {isa = PBXFileReference; lastKnownFileType = text.plist.xml; path = "myCoreDataDemoTests-Info.plist"; sourceTree = "<group>"; };
		EAB4E17E18D24A9800D0C109 /* en */ = {isa = PBXFileReference; lastKnownFileType = text.plist.strings; name = en; path = en.lproj/InfoPlist.strings; sourceTree = "<group>"; };
		EAB4E18018D24A9800D0C109 /* myCoreDataDemoTests.m */ = {isa = PBXFileReference; lastKnownFileType = sourcecode.c.objc; path = myCoreDataDemoTests.m; sourceTree = "<group>"; };
		EAB4E18A18D2630E00D0C109 /* Word.h */ = {isa = PBXFileReference; fileEncoding = 4; lastKnownFileType = sourcecode.c.h; path = Word.h; sourceTree = "<group>"; };
		EAB4E18B18D2630E00D0C109 /* Word.m */ = {isa = PBXFileReference; fileEncoding = 4; lastKnownFileType = sourcecode.c.objc; path = Word.m; sourceTree = "<group>"; };
		EAB4E18D18D2630E00D0C109 /* Vocabulary.h */ = {isa = PBXFileReference; fileEncoding = 4; lastKnownFileType = sourcecode.c.h; path = Vocabulary.h; sourceTree = "<group>"; };
		EAB4E18E18D2630E00D0C109 /* Vocabulary.m */ = {isa = PBXFileReference; fileEncoding = 4; lastKnownFileType = sourcecode.c.objc; path = Vocabulary.m; sourceTree = "<group>"; };
		EAB4E19018D2645100D0C109 /* VocabulariesViewController.h */ = {isa = PBXFileReference; fileEncoding = 4; lastKnownFileType = sourcecode.c.h; path = VocabulariesViewController.h; sourceTree = "<group>"; };
		EAB4E19118D2645100D0C109 /* VocabulariesViewController.m */ = {isa = PBXFileReference; fileEncoding = 4; lastKnownFileType = sourcecode.c.objc; path = VocabulariesViewController.m; sourceTree = "<group>"; };
		EAB4E19318D3BE3D00D0C109 /* WordsViewController.h */ = {isa = PBXFileReference; fileEncoding = 4; lastKnownFileType = sourcecode.c.h; path = WordsViewController.h; sourceTree = "<group>"; };
		EAB4E19418D3BE3D00D0C109 /* WordsViewController.m */ = {isa = PBXFileReference; fileEncoding = 4; lastKnownFileType = sourcecode.c.objc; path = WordsViewController.m; sourceTree = "<group>"; };
		EAB4E19618D3CCAC00D0C109 /* EditWordViewController.h */ = {isa = PBXFileReference; fileEncoding = 4; lastKnownFileType = sourcecode.c.h; path = EditWordViewController.h; sourceTree = "<group>"; };
		EAB4E19718D3CCAC00D0C109 /* EditWordViewController.m */ = {isa = PBXFileReference; fileEncoding = 4; lastKnownFileType = sourcecode.c.objc; path = EditWordViewController.m; sourceTree = "<group>"; };
		EAB4E19818D3CCAC00D0C109 /* EditWordViewController.xib */ = {isa = PBXFileReference; fileEncoding = 4; lastKnownFileType = file.xib; path = EditWordViewController.xib; sourceTree = "<group>"; };
/* End PBXFileReference section */

/* Begin PBXFrameworksBuildPhase section */
		EAB4E14F18D24A9800D0C109 /* Frameworks */ = {
			isa = PBXFrameworksBuildPhase;
			buildActionMask = 2147483647;
			files = (
				EAB4E15818D24A9800D0C109 /* CoreGraphics.framework in Frameworks */,
				EAB4E15C18D24A9800D0C109 /* CoreData.framework in Frameworks */,
				EAB4E15A18D24A9800D0C109 /* UIKit.framework in Frameworks */,
				EAB4E15618D24A9800D0C109 /* Foundation.framework in Frameworks */,
			);
			runOnlyForDeploymentPostprocessing = 0;
		};
		EAB4E16F18D24A9800D0C109 /* Frameworks */ = {
			isa = PBXFrameworksBuildPhase;
			buildActionMask = 2147483647;
			files = (
				EAB4E17418D24A9800D0C109 /* XCTest.framework in Frameworks */,
				EAB4E17718D24A9800D0C109 /* CoreData.framework in Frameworks */,
				EAB4E17618D24A9800D0C109 /* UIKit.framework in Frameworks */,
				EAB4E17518D24A9800D0C109 /* Foundation.framework in Frameworks */,
			);
			runOnlyForDeploymentPostprocessing = 0;
		};
/* End PBXFrameworksBuildPhase section */

/* Begin PBXGroup section */
		EA33488C18E49C6B00A03CB1 /* Model */ = {
			isa = PBXGroup;
			children = (
				EAB4E16918D24A9800D0C109 /* myCoreDataDemo.xcdatamodeld */,
				EAB4E18D18D2630E00D0C109 /* Vocabulary.h */,
				EAB4E18E18D2630E00D0C109 /* Vocabulary.m */,
				EAB4E18A18D2630E00D0C109 /* Word.h */,
				EAB4E18B18D2630E00D0C109 /* Word.m */,
			);
			name = Model;
			sourceTree = "<group>";
		};
		EA33488E18E49D9D00A03CB1 /* View */ = {
			isa = PBXGroup;
			children = (
				EAB4E19818D3CCAC00D0C109 /* EditWordViewController.xib */,
			);
			name = View;
			sourceTree = "<group>";
		};
		EA33488F18E49E1100A03CB1 /* myViewController */ = {
			isa = PBXGroup;
			children = (
				EAB4E19018D2645100D0C109 /* VocabulariesViewController.h */,
				EAB4E19118D2645100D0C109 /* VocabulariesViewController.m */,
				EAB4E19318D3BE3D00D0C109 /* WordsViewController.h */,
				EAB4E19418D3BE3D00D0C109 /* WordsViewController.m */,
				EAB4E19618D3CCAC00D0C109 /* EditWordViewController.h */,
				EAB4E19718D3CCAC00D0C109 /* EditWordViewController.m */,
			);
			name = myViewController;
			sourceTree = "<group>";
		};
		EAB4E14918D24A9800D0C109 = {
			isa = PBXGroup;
			children = (
				EAB4E15D18D24A9800D0C109 /* myCoreDataDemo */,
				EAB4E17A18D24A9800D0C109 /* myCoreDataDemoTests */,
				EAB4E15418D24A9800D0C109 /* Frameworks */,
				EAB4E15318D24A9800D0C109 /* Products */,
			);
			sourceTree = "<group>";
		};
		EAB4E15318D24A9800D0C109 /* Products */ = {
			isa = PBXGroup;
			children = (
				EAB4E15218D24A9800D0C109 /* myCoreDataDemo.app */,
				EAB4E17218D24A9800D0C109 /* myCoreDataDemoTests.xctest */,
			);
			name = Products;
			sourceTree = "<group>";
		};
		EAB4E15418D24A9800D0C109 /* Frameworks */ = {
			isa = PBXGroup;
			children = (
				EAB4E15518D24A9800D0C109 /* Foundation.framework */,
				EAB4E15718D24A9800D0C109 /* CoreGraphics.framework */,
				EAB4E15918D24A9800D0C109 /* UIKit.framework */,
				EAB4E15B18D24A9800D0C109 /* CoreData.framework */,
				EAB4E17318D24A9800D0C109 /* XCTest.framework */,
			);
			name = Frameworks;
			sourceTree = "<group>";
		};
		EAB4E15D18D24A9800D0C109 /* myCoreDataDemo */ = {
			isa = PBXGroup;
			children = (
				EA33488F18E49E1100A03CB1 /* myViewController */,
				EA33488E18E49D9D00A03CB1 /* View */,
				EA33488C18E49C6B00A03CB1 /* Model */,
				EAB4E16C18D24A9800D0C109 /* Images.xcassets */,
				EAB4E15E18D24A9800D0C109 /* Supporting Files */,
			);
			path = myCoreDataDemo;
			sourceTree = "<group>";
		};
		EAB4E15E18D24A9800D0C109 /* Supporting Files */ = {
			isa = PBXGroup;
			children = (
				EAB4E16618D24A9800D0C109 /* AppDelegate.h */,
				EAB4E16718D24A9800D0C109 /* AppDelegate.m */,
				EAB4E15F18D24A9800D0C109 /* myCoreDataDemo-Info.plist */,
				EAB4E16018D24A9800D0C109 /* InfoPlist.strings */,
				EAB4E16318D24A9800D0C109 /* main.m */,
				EAB4E16518D24A9800D0C109 /* myCoreDataDemo-Prefix.pch */,
			);
			name = "Supporting Files";
			sourceTree = "<group>";
		};
		EAB4E17A18D24A9800D0C109 /* myCoreDataDemoTests */ = {
			isa = PBXGroup;
			children = (
				EAB4E18018D24A9800D0C109 /* myCoreDataDemoTests.m */,
				EAB4E17B18D24A9800D0C109 /* Supporting Files */,
			);
			path = myCoreDataDemoTests;
			sourceTree = "<group>";
		};
		EAB4E17B18D24A9800D0C109 /* Supporting Files */ = {
			isa = PBXGroup;
			children = (
				EAB4E17C18D24A9800D0C109 /* myCoreDataDemoTests-Info.plist */,
				EAB4E17D18D24A9800D0C109 /* InfoPlist.strings */,
			);
			name = "Supporting Files";
			sourceTree = "<group>";
		};
/* End PBXGroup section */

/* Begin PBXNativeTarget section */
		EAB4E15118D24A9800D0C109 /* myCoreDataDemo */ = {
			isa = PBXNativeTarget;
			buildConfigurationList = EAB4E18418D24A9800D0C109 /* Build configuration list for PBXNativeTarget "myCoreDataDemo" */;
			buildPhases = (
				EAB4E14E18D24A9800D0C109 /* Sources */,
				EAB4E14F18D24A9800D0C109 /* Frameworks */,
				EAB4E15018D24A9800D0C109 /* Resources */,
			);
			buildRules = (
			);
			dependencies = (
			);
			name = myCoreDataDemo;
			productName = myCoreDataDemo;
			productReference = EAB4E15218D24A9800D0C109 /* myCoreDataDemo.app */;
			productType = "com.apple.product-type.application";
		};
		EAB4E17118D24A9800D0C109 /* myCoreDataDemoTests */ = {
			isa = PBXNativeTarget;
			buildConfigurationList = EAB4E18718D24A9800D0C109 /* Build configuration list for PBXNativeTarget "myCoreDataDemoTests" */;
			buildPhases = (
				EAB4E16E18D24A9800D0C109 /* Sources */,
				EAB4E16F18D24A9800D0C109 /* Frameworks */,
				EAB4E17018D24A9800D0C109 /* Resources */,
			);
			buildRules = (
			);
			dependencies = (
				EAB4E17918D24A9800D0C109 /* PBXTargetDependency */,
			);
			name = myCoreDataDemoTests;
			productName = myCoreDataDemoTests;
			productReference = EAB4E17218D24A9800D0C109 /* myCoreDataDemoTests.xctest */;
			productType = "com.apple.product-type.bundle.unit-test";
		};
/* End PBXNativeTarget section */

/* Begin PBXProject section */
		EAB4E14A18D24A9800D0C109 /* Project object */ = {
			isa = PBXProject;
			attributes = {
				LastUpgradeCheck = 0500;
				ORGANIZATIONNAME = Tony;
				TargetAttributes = {
					EAB4E17118D24A9800D0C109 = {
						TestTargetID = EAB4E15118D24A9800D0C109;
					};
				};
			};
			buildConfigurationList = EAB4E14D18D24A9800D0C109 /* Build configuration list for PBXProject "myCoreDataDemo" */;
			compatibilityVersion = "Xcode 3.2";
			developmentRegion = English;
			hasScannedForEncodings = 0;
			knownRegions = (
				en,
			);
			mainGroup = EAB4E14918D24A9800D0C109;
			productRefGroup = EAB4E15318D24A9800D0C109 /* Products */;
			projectDirPath = "";
			projectRoot = "";
			targets = (
				EAB4E15118D24A9800D0C109 /* myCoreDataDemo */,
				EAB4E17118D24A9800D0C109 /* myCoreDataDemoTests */,
			);
		};
/* End PBXProject section */

/* Begin PBXResourcesBuildPhase section */
		EAB4E15018D24A9800D0C109 /* Resources */ = {
			isa = PBXResourcesBuildPhase;
			buildActionMask = 2147483647;
			files = (
				EAB4E16218D24A9800D0C109 /* InfoPlist.strings in Resources */,
				EAB4E16D18D24A9800D0C109 /* Images.xcassets in Resources */,
				EAB4E19A18D3CCAC00D0C109 /* EditWordViewController.xib in Resources */,
			);
			runOnlyForDeploymentPostprocessing = 0;
		};
		EAB4E17018D24A9800D0C109 /* Resources */ = {
			isa = PBXResourcesBuildPhase;
			buildActionMask = 2147483647;
			files = (
				EAB4E17F18D24A9800D0C109 /* InfoPlist.strings in Resources */,
			);
			runOnlyForDeploymentPostprocessing = 0;
		};
/* End PBXResourcesBuildPhase section */

/* Begin PBXSourcesBuildPhase section */
		EAB4E14E18D24A9800D0C109 /* Sources */ = {
			isa = PBXSourcesBuildPhase;
			buildActionMask = 2147483647;
			files = (
				EAB4E19218D2645100D0C109 /* VocabulariesViewController.m in Sources */,
				EAB4E19518D3BE3D00D0C109 /* WordsViewController.m in Sources */,
				EAB4E16818D24A9800D0C109 /* AppDelegate.m in Sources */,
				EAB4E18C18D2630E00D0C109 /* Word.m in Sources */,
				EAB4E19918D3CCAC00D0C109 /* EditWordViewController.m in Sources */,
				EAB4E16418D24A9800D0C109 /* main.m in Sources */,
				EAB4E18F18D2630E00D0C109 /* Vocabulary.m in Sources */,
				EAB4E16B18D24A9800D0C109 /* myCoreDataDemo.xcdatamodeld in Sources */,
			);
			runOnlyForDeploymentPostprocessing = 0;
		};
		EAB4E16E18D24A9800D0C109 /* Sources */ = {
			isa = PBXSourcesBuildPhase;
			buildActionMask = 2147483647;
			files = (
				EAB4E18118D24A9800D0C109 /* myCoreDataDemoTests.m in Sources */,
			);
			runOnlyForDeploymentPostprocessing = 0;
		};
/* End PBXSourcesBuildPhase section */

/* Begin PBXTargetDependency section */
		EAB4E17918D24A9800D0C109 /* PBXTargetDependency */ = {
			isa = PBXTargetDependency;
			target = EAB4E15118D24A9800D0C109 /* myCoreDataDemo */;
			targetProxy = EAB4E17818D24A9800D0C109 /* PBXContainerItemProxy */;
		};
/* End PBXTargetDependency section */

/* Begin PBXVariantGroup section */
		EAB4E16018D24A9800D0C109 /* InfoPlist.strings */ = {
			isa = PBXVariantGroup;
			children = (
				EAB4E16118D24A9800D0C109 /* en */,
			);
			name = InfoPlist.strings;
			sourceTree = "<group>";
		};
		EAB4E17D18D24A9800D0C109 /* InfoPlist.strings */ = {
			isa = PBXVariantGroup;
			children = (
				EAB4E17E18D24A9800D0C109 /* en */,
			);
			name = InfoPlist.strings;
			sourceTree = "<group>";
		};
/* End PBXVariantGroup section */

/* Begin XCBuildConfiguration section */
		EAB4E18218D24A9800D0C109 /* Debug */ = {
			isa = XCBuildConfiguration;
			buildSettings = {
				ALWAYS_SEARCH_USER_PATHS = NO;
				ARCHS = "$(ARCHS_STANDARD_INCLUDING_64_BIT)";
				CLANG_CXX_LANGUAGE_STANDARD = "gnu++0x";
				CLANG_CXX_LIBRARY = "libc++";
				CLANG_ENABLE_MODULES = YES;
				CLANG_ENABLE_OBJC_ARC = YES;
				CLANG_WARN_BOOL_CONVERSION = YES;
				CLANG_WARN_CONSTANT_CONVERSION = YES;
				CLANG_WARN_DIRECT_OBJC_ISA_USAGE = YES_ERROR;
				CLANG_WARN_EMPTY_BODY = YES;
				CLANG_WARN_ENUM_CONVERSION = YES;
				CLANG_WARN_INT_CONVERSION = YES;
				CLANG_WARN_OBJC_ROOT_CLASS = YES_ERROR;
				CLANG_WARN__DUPLICATE_METHOD_MATCH = YES;
				"CODE_SIGN_IDENTITY[sdk=iphoneos*]" = "iPhone Developer";
				COPY_PHASE_STRIP = NO;
				GCC_C_LANGUAGE_STANDARD = gnu99;
				GCC_DYNAMIC_NO_PIC = NO;
				GCC_OPTIMIZATION_LEVEL = 0;
				GCC_PREPROCESSOR_DEFINITIONS = (
					"DEBUG=1",
					"$(inherited)",
				);
				GCC_SYMBOLS_PRIVATE_EXTERN = NO;
				GCC_WARN_64_TO_32_BIT_CONVERSION = YES;
				GCC_WARN_ABOUT_RETURN_TYPE = YES_ERROR;
				GCC_WARN_UNDECLARED_SELECTOR = YES;
				GCC_WARN_UNINITIALIZED_AUTOS = YES;
				GCC_WARN_UNUSED_FUNCTION = YES;
				GCC_WARN_UNUSED_VARIABLE = YES;
				IPHONEOS_DEPLOYMENT_TARGET = 7.0;
				ONLY_ACTIVE_ARCH = YES;
				SDKROOT = iphoneos;
			};
			name = Debug;
		};
		EAB4E18318D24A9800D0C109 /* Release */ = {
			isa = XCBuildConfiguration;
			buildSettings = {
				ALWAYS_SEARCH_USER_PATHS = NO;
				ARCHS = "$(ARCHS_STANDARD_INCLUDING_64_BIT)";
				CLANG_CXX_LANGUAGE_STANDARD = "gnu++0x";
				CLANG_CXX_LIBRARY = "libc++";
				CLANG_ENABLE_MODULES = YES;
				CLANG_ENABLE_OBJC_ARC = YES;
				CLANG_WARN_BOOL_CONVERSION = YES;
				CLANG_WARN_CONSTANT_CONVERSION = YES;
				CLANG_WARN_DIRECT_OBJC_ISA_USAGE = YES_ERROR;
				CLANG_WARN_EMPTY_BODY = YES;
				CLANG_WARN_ENUM_CONVERSION = YES;
				CLANG_WARN_INT_CONVERSION = YES;
				CLANG_WARN_OBJC_ROOT_CLASS = YES_ERROR;
				CLANG_WARN__DUPLICATE_METHOD_MATCH = YES;
				"CODE_SIGN_IDENTITY[sdk=iphoneos*]" = "iPhone Developer";
				COPY_PHASE_STRIP = YES;
				ENABLE_NS_ASSERTIONS = NO;
				GCC_C_LANGUAGE_STANDARD = gnu99;
				GCC_WARN_64_TO_32_BIT_CONVERSION = YES;
				GCC_WARN_ABOUT_RETURN_TYPE = YES_ERROR;
				GCC_WARN_UNDECLARED_SELECTOR = YES;
				GCC_WARN_UNINITIALIZED_AUTOS = YES;
				GCC_WARN_UNUSED_FUNCTION = YES;
				GCC_WARN_UNUSED_VARIABLE = YES;
				IPHONEOS_DEPLOYMENT_TARGET = 7.0;
				SDKROOT = iphoneos;
				VALIDATE_PRODUCT = YES;
			};
			name = Release;
		};
		EAB4E18518D24A9800D0C109 /* Debug */ = {
			isa = XCBuildConfiguration;
			buildSettings = {
				ASSETCATALOG_COMPILER_APPICON_NAME = AppIcon;
				ASSETCATALOG_COMPILER_LAUNCHIMAGE_NAME = LaunchImage;
				GCC_PRECOMPILE_PREFIX_HEADER = YES;
				GCC_PREFIX_HEADER = "myCoreDataDemo/myCoreDataDemo-Prefix.pch";
				INFOPLIST_FILE = "myCoreDataDemo/myCoreDataDemo-Info.plist";
				PRODUCT_NAME = "$(TARGET_NAME)";
				WRAPPER_EXTENSION = app;
			};
			name = Debug;
		};
		EAB4E18618D24A9800D0C109 /* Release */ = {
			isa = XCBuildConfiguration;
			buildSettings = {
				ASSETCATALOG_COMPILER_APPICON_NAME = AppIcon;
				ASSETCATALOG_COMPILER_LAUNCHIMAGE_NAME = LaunchImage;
				GCC_PRECOMPILE_PREFIX_HEADER = YES;
				GCC_PREFIX_HEADER = "myCoreDataDemo/myCoreDataDemo-Prefix.pch";
				INFOPLIST_FILE = "myCoreDataDemo/myCoreDataDemo-Info.plist";
				PRODUCT_NAME = "$(TARGET_NAME)";
				WRAPPER_EXTENSION = app;
			};
			name = Release;
		};
		EAB4E18818D24A9800D0C109 /* Debug */ = {
			isa = XCBuildConfiguration;
			buildSettings = {
				ARCHS = "$(ARCHS_STANDARD_INCLUDING_64_BIT)";
				BUNDLE_LOADER = "$(BUILT_PRODUCTS_DIR)/myCoreDataDemo.app/myCoreDataDemo";
				FRAMEWORK_SEARCH_PATHS = (
					"$(SDKROOT)/Developer/Library/Frameworks",
					"$(inherited)",
					"$(DEVELOPER_FRAMEWORKS_DIR)",
				);
				GCC_PRECOMPILE_PREFIX_HEADER = YES;
				GCC_PREFIX_HEADER = "myCoreDataDemo/myCoreDataDemo-Prefix.pch";
				GCC_PREPROCESSOR_DEFINITIONS = (
					"DEBUG=1",
					"$(inherited)",
				);
				INFOPLIST_FILE = "myCoreDataDemoTests/myCoreDataDemoTests-Info.plist";
				PRODUCT_NAME = "$(TARGET_NAME)";
				TEST_HOST = "$(BUNDLE_LOADER)";
				WRAPPER_EXTENSION = xctest;
			};
			name = Debug;
		};
		EAB4E18918D24A9800D0C109 /* Release */ = {
			isa = XCBuildConfiguration;
			buildSettings = {
				ARCHS = "$(ARCHS_STANDARD_INCLUDING_64_BIT)";
				BUNDLE_LOADER = "$(BUILT_PRODUCTS_DIR)/myCoreDataDemo.app/myCoreDataDemo";
				FRAMEWORK_SEARCH_PATHS = (
					"$(SDKROOT)/Developer/Library/Frameworks",
					"$(inherited)",
					"$(DEVELOPER_FRAMEWORKS_DIR)",
				);
				GCC_PRECOMPILE_PREFIX_HEADER = YES;
				GCC_PREFIX_HEADER = "myCoreDataDemo/myCoreDataDemo-Prefix.pch";
				INFOPLIST_FILE = "myCoreDataDemoTests/myCoreDataDemoTests-Info.plist";
				PRODUCT_NAME = "$(TARGET_NAME)";
				TEST_HOST = "$(BUNDLE_LOADER)";
				WRAPPER_EXTENSION = xctest;
			};
			name = Release;
		};
/* End XCBuildConfiguration section */

/* Begin XCConfigurationList section */
		EAB4E14D18D24A9800D0C109 /* Build configuration list for PBXProject "myCoreDataDemo" */ = {
			isa = XCConfigurationList;
			buildConfigurations = (
				EAB4E18218D24A9800D0C109 /* Debug */,
				EAB4E18318D24A9800D0C109 /* Release */,
			);
			defaultConfigurationIsVisible = 0;
			defaultConfigurationName = Release;
		};
		EAB4E18418D24A9800D0C109 /* Build configuration list for PBXNativeTarget "myCoreDataDemo" */ = {
			isa = XCConfigurationList;
			buildConfigurations = (
				EAB4E18518D24A9800D0C109 /* Debug */,
				EAB4E18618D24A9800D0C109 /* Release */,
			);
			defaultConfigurationIsVisible = 0;
			defaultConfigurationName = Release;
		};
		EAB4E18718D24A9800D0C109 /* Build configuration list for PBXNativeTarget "myCoreDataDemoTests" */ = {
			isa = XCConfigurationList;
			buildConfigurations = (
				EAB4E18818D24A9800D0C109 /* Debug */,
				EAB4E18918D24A9800D0C109 /* Release */,
			);
			defaultConfigurationIsVisible = 0;
			defaultConfigurationName = Release;
		};
/* End XCConfigurationList section */

/* Begin XCVersionGroup section */
		EAB4E16918D24A9800D0C109 /* myCoreDataDemo.xcdatamodeld */ = {
			isa = XCVersionGroup;
			children = (
				EAB4E16A18D24A9800D0C109 /* myCoreDataDemo.xcdatamodel */,
			);
			currentVersion = EAB4E16A18D24A9800D0C109 /* myCoreDataDemo.xcdatamodel */;
			path = myCoreDataDemo.xcdatamodeld;
			sourceTree = "<group>";
			versionGroupType = wrapper.xcdatamodel;
		};
/* End XCVersionGroup section */
	};
	rootObject = EAB4E14A18D24A9800D0C109 /* Project object */;
}
